[[package]]
name = "cardano"
version = "0.1.1"
dependencies = [
 "cbor_event 2.1.2 (registry+https://github.com/rust-lang/crates.io-index)",
 "chain-core 0.1.0",
 "cryptoxide 0.1.0 (registry+https://github.com/rust-lang/crates.io-index)",
 "serde 1.0.66 (registry+https://github.com/rust-lang/crates.io-index)",
 "serde_derive 1.0.66 (registry+https://github.com/rust-lang/crates.io-index)",
]

[[package]]
name = "cbor_event"
version = "2.1.2"
source = "registry+https://github.com/rust-lang/crates.io-index"

[[package]]
name = "cfg-if"
version = "0.1.6"
source = "registry+https://github.com/rust-lang/crates.io-index"

[[package]]
name = "chain-core"
version = "0.1.0"
dependencies = [
 "cfg-if 0.1.6 (registry+https://github.com/rust-lang/crates.io-index)",
]

[[package]]
name = "cryptoxide"
version = "0.1.0"
source = "registry+https://github.com/rust-lang/crates.io-index"

[[package]]
name = "dtoa"
version = "0.4.2"
source = "registry+https://github.com/rust-lang/crates.io-index"

[[package]]
name = "itoa"
version = "0.4.1"
source = "registry+https://github.com/rust-lang/crates.io-index"

[[package]]
name = "proc-macro2"
version = "0.4.6"
source = "registry+https://github.com/rust-lang/crates.io-index"
dependencies = [
 "unicode-xid 0.1.0 (registry+https://github.com/rust-lang/crates.io-index)",
]

[[package]]
name = "quote"
version = "0.6.3"
source = "registry+https://github.com/rust-lang/crates.io-index"
dependencies = [
 "proc-macro2 0.4.6 (registry+https://github.com/rust-lang/crates.io-index)",
]

[[package]]
name = "serde"
version = "1.0.66"
source = "registry+https://github.com/rust-lang/crates.io-index"

[[package]]
name = "serde_derive"
version = "1.0.66"
source = "registry+https://github.com/rust-lang/crates.io-index"
dependencies = [
 "proc-macro2 0.4.6 (registry+https://github.com/rust-lang/crates.io-index)",
 "quote 0.6.3 (registry+https://github.com/rust-lang/crates.io-index)",
 "syn 0.14.2 (registry+https://github.com/rust-lang/crates.io-index)",
]

[[package]]
name = "serde_json"
version = "1.0.19"
source = "registry+https://github.com/rust-lang/crates.io-index"
dependencies = [
 "dtoa 0.4.2 (registry+https://github.com/rust-lang/crates.io-index)",
 "itoa 0.4.1 (registry+https://github.com/rust-lang/crates.io-index)",
 "serde 1.0.66 (registry+https://github.com/rust-lang/crates.io-index)",
]

[[package]]
name = "syn"
version = "0.14.2"
source = "registry+https://github.com/rust-lang/crates.io-index"
dependencies = [
 "proc-macro2 0.4.6 (registry+https://github.com/rust-lang/crates.io-index)",
 "quote 0.6.3 (registry+https://github.com/rust-lang/crates.io-index)",
 "unicode-xid 0.1.0 (registry+https://github.com/rust-lang/crates.io-index)",
]

[[package]]
name = "unicode-xid"
version = "0.1.0"
source = "registry+https://github.com/rust-lang/crates.io-index"

[[package]]
name = "wallet-wasm"
version = "0.1.0"
dependencies = [
 "cardano 0.1.1",
 "cbor_event 2.1.2 (registry+https://github.com/rust-lang/crates.io-index)",
 "cryptoxide 0.1.0 (registry+https://github.com/rust-lang/crates.io-index)",
 "serde 1.0.66 (registry+https://github.com/rust-lang/crates.io-index)",
 "serde_derive 1.0.66 (registry+https://github.com/rust-lang/crates.io-index)",
 "serde_json 1.0.19 (registry+https://github.com/rust-lang/crates.io-index)",
]

[metadata]
"checksum cbor_event 2.1.2 (registry+https://github.com/rust-lang/crates.io-index)" = "e4d4b31c9ab733e0689ff212327ebdd7d07379bebc2b7a6ecb0654c3bf77740e"
"checksum cfg-if 0.1.6 (registry+https://github.com/rust-lang/crates.io-index)" = "082bb9b28e00d3c9d39cc03e64ce4cea0f1bb9b3fde493f0cbc008472d22bdf4"
"checksum cryptoxide 0.1.0 (registry+https://github.com/rust-lang/crates.io-index)" = "bc9be687df90da186ed5c6ada0b6b4d69f5ad914071870bc5d41277377d30427"
"checksum dtoa 0.4.2 (registry+https://github.com/rust-lang/crates.io-index)" = "09c3753c3db574d215cba4ea76018483895d7bff25a31b49ba45db21c48e50ab"
"checksum itoa 0.4.1 (registry+https://github.com/rust-lang/crates.io-index)" = "c069bbec61e1ca5a596166e55dfe4773ff745c3d16b700013bcaff9a6df2c682"
"checksum proc-macro2 0.4.6 (registry+https://github.com/rust-lang/crates.io-index)" = "effdb53b25cdad54f8f48843d67398f7ef2e14f12c1b4cb4effc549a6462a4d6"
"checksum quote 0.6.3 (registry+https://github.com/rust-lang/crates.io-index)" = "e44651a0dc4cdd99f71c83b561e221f714912d11af1a4dff0631f923d53af035"
"checksum serde 1.0.66 (registry+https://github.com/rust-lang/crates.io-index)" = "e9a2d9a9ac5120e0f768801ca2b58ad6eec929dc9d1d616c162f208869c2ce95"
"checksum serde_derive 1.0.66 (registry+https://github.com/rust-lang/crates.io-index)" = "0a90213fa7e0f5eac3f7afe2d5ff6b088af515052cc7303bd68c7e3b91a3fb79"
"checksum serde_json 1.0.19 (registry+https://github.com/rust-lang/crates.io-index)" = "93aee34bb692dde91e602871bc792dd319e489c7308cdbbe5f27cf27c64280f5"
"checksum syn 0.14.2 (registry+https://github.com/rust-lang/crates.io-index)" = "c67da57e61ebc7b7b6fff56bb34440ca3a83db037320b0507af4c10368deda7d"
"checksum unicode-xid 0.1.0 (registry+https://github.com/rust-lang/crates.io-index)" = "fc72304796d0818e357ead4e000d19c9c174ab23dc11093ac919054d20a6a7fc"
